
Microsoft Visual Studio Solution File, Format Version 12.00
# Visual Studio Version 16
VisualStudioVersion = 16.0.808.5
MinimumVisualStudioVersion = 10.0.40219.1
Project("{FAE04EC0-301F-11D3-BF4B-00C04F79EFBC}") = "Phoneword.Android", "Phoneword.Android\Phoneword.Android.csproj", "{18EB768B-7708-4901-B926-7982381A8837}"
EndProject
Project("{FAE04EC0-301F-11D3-BF4B-00C04F79EFBC}") = "Phoneword.iOS", "Phoneword.iOS\Phoneword.iOS.csproj", "{7FD888B7-F26D-4356-88C9-DDE86305A63F}"
EndProject
Project("{FAE04EC0-301F-11D3-BF4B-00C04F79EFBC}") = "Phoneword", "Phoneword\Phoneword.csproj", "{C6BB16D7-6348-4AA2-9498-29D823C48904}"
EndProject
Global
	GlobalSection(SolutionConfigurationPlatforms) = preSolution
		Debug|Any CPU = Debug|Any CPU
		Release|Any CPU = Release|Any CPU
		Debug|iPhoneSimulator = Debug|iPhoneSimulator
		Release|iPhoneSimulator = Release|iPhoneSimulator
		Debug|iPhone = Debug|iPhone
		Release|iPhone = Release|iPhone
	EndGlobalSection
	GlobalSection(ProjectConfigurationPlatforms) = postSolution
		{18EB768B-7708-4901-B926-7982381A8837}.Debug|Any CPU.ActiveCfg = Debug|Any CPU
		{18EB768B-7708-4901-B926-7982381A8837}.Debug|Any CPU.Build.0 = Debug|Any CPU
		{18EB768B-7708-4901-B926-7982381A8837}.Release|Any CPU.ActiveCfg = Release|Any CPU
		{18EB768B-7708-4901-B926-7982381A8837}.Release|Any CPU.Build.0 = Release|Any CPU
		{18EB768B-7708-4901-B926-7982381A8837}.Debug|iPhoneSimulator.ActiveCfg = Debug|Any CPU
		{18EB768B-7708-4901-B926-7982381A8837}.Debug|iPhoneSimulator.Build.0 = Debug|Any CPU
		{18EB768B-7708-4901-B926-7982381A8837}.Release|iPhoneSimulator.ActiveCfg = Release|Any CPU
		{18EB768B-7708-4901-B926-7982381A8837}.Release|iPhoneSimulator.Build.0 = Release|Any CPU
		{18EB768B-7708-4901-B926-7982381A8837}.Debug|iPhone.ActiveCfg = Debug|Any CPU
		{18EB768B-7708-4901-B926-7982381A8837}.Debug|iPhone.Build.0 = Debug|Any CPU
		{18EB768B-7708-4901-B926-7982381A8837}.Release|iPhone.ActiveCfg = Release|Any CPU
		{18EB768B-7708-4901-B926-7982381A8837}.Release|iPhone.Build.0 = Release|Any CPU
		{7FD888B7-F26D-4356-88C9-DDE86305A63F}.Debug|Any CPU.ActiveCfg = Debug|iPhoneSimulator
		{7FD888B7-F26D-4356-88C9-DDE86305A63F}.Debug|Any CPU.Build.0 = Debug|iPhoneSimulator
		{7FD888B7-F26D-4356-88C9-DDE86305A63F}.Release|Any CPU.ActiveCfg = Release|iPhoneSimulator
		{7FD888B7-F26D-4356-88C9-DDE86305A63F}.Release|Any CPU.Build.0 = Release|iPhoneSimulator
		{7FD888B7-F26D-4356-88C9-DDE86305A63F}.Debug|iPhoneSimulator.ActiveCfg = Debug|iPhoneSimulator
		{7FD888B7-F26D-4356-88C9-DDE86305A63F}.Debug|iPhoneSimulator.Build.0 = Debug|iPhoneSimulator
		{7FD888B7-F26D-4356-88C9-DDE86305A63F}.Release|iPhoneSimulator.ActiveCfg = Release|iPhoneSimulator
		{7FD888B7-F26D-4356-88C9-DDE86305A63F}.Release|iPhoneSimulator.Build.0 = Release|iPhoneSimulator
		{7FD888B7-F26D-4356-88C9-DDE86305A63F}.Debug|iPhone.ActiveCfg = Debug|iPhone
		{7FD888B7-F26D-4356-88C9-DDE86305A63F}.Debug|iPhone.Build.0 = Debug|iPhone
		{7FD888B7-F26D-4356-88C9-DDE86305A63F}.Release|iPhone.ActiveCfg = Release|iPhone
		{7FD888B7-F26D-4356-88C9-DDE86305A63F}.Release|iPhone.Build.0 = Release|iPhone
		{C6BB16D7-6348-4AA2-9498-29D823C48904}.Debug|Any CPU.ActiveCfg = Debug|Any CPU
		{C6BB16D7-6348-4AA2-9498-29D823C48904}.Debug|Any CPU.Build.0 = Debug|Any CPU
		{C6BB16D7-6348-4AA2-9498-29D823C48904}.Release|Any CPU.ActiveCfg = Release|Any CPU
		{C6BB16D7-6348-4AA2-9498-29D823C48904}.Release|Any CPU.Build.0 = Release|Any CPU
		{C6BB16D7-6348-4AA2-9498-29D823C48904}.Debug|iPhoneSimulator.ActiveCfg = Debug|Any CPU
		{C6BB16D7-6348-4AA2-9498-29D823C48904}.Debug|iPhoneSimulator.Build.0 = Debug|Any CPU
		{C6BB16D7-6348-4AA2-9498-29D823C48904}.Release|iPhoneSimulator.ActiveCfg = Release|Any CPU
		{C6BB16D7-6348-4AA2-9498-29D823C48904}.Release|iPhoneSimulator.Build.0 = Release|Any CPU
		{C6BB16D7-6348-4AA2-9498-29D823C48904}.Debug|iPhone.ActiveCfg = Debug|Any CPU
		{C6BB16D7-6348-4AA2-9498-29D823C48904}.Debug|iPhone.Build.0 = Debug|Any CPU
		{C6BB16D7-6348-4AA2-9498-29D823C48904}.Release|iPhone.ActiveCfg = Release|Any CPU
		{C6BB16D7-6348-4AA2-9498-29D823C48904}.Release|iPhone.Build.0 = Release|Any CPU
	EndGlobalSection
	GlobalSection(SolutionProperties) = preSolution
		HideSolutionNode = FALSE
	EndGlobalSection
	GlobalSection(ExtensibilityGlobals) = postSolution
		SolutionGuid = {CB9AB867-3CC9-4D07-88E6-37BFC6908978}
	EndGlobalSection
EndGlobal
